{
  "version": 4,
  "terraform_version": "0.12.0",
  "serial": 102,
  "lineage": "a388569a-fcda-cbb2-55d4-34be59ab0389",
  "outputs": {},
  "resources": [
    {
      "module": "module.Role-policy",
      "mode": "managed",
      "type": "aws_iam_instance_profile",
      "name": "ec2_profile",
      "provider": "provider.aws",
      "instances": [
        {
          "schema_version": 0,
          "attributes": {
            "arn": "arn:aws:iam::918449480661:instance-profile/ec2_profile",
            "create_date": "2021-09-15T13:59:52Z",
            "id": "ec2_profile",
            "name": "ec2_profile",
            "name_prefix": null,
            "path": "/",
            "role": "test-role",
            "tags": null,
            "unique_id": "AIPA5LV624PKYB4TFV3FD"
          },
          "depends_on": [
            "aws_iam_role.test_role"
          ]
        }
      ]
    },
    {
      "module": "module.Role-policy",
      "mode": "managed",
      "type": "aws_iam_policy",
      "name": "test_policy",
      "provider": "provider.aws",
      "instances": [
        {
          "schema_version": 0,
          "attributes": {
            "arn": "arn:aws:iam::918449480661:policy/test-policy",
            "description": "",
            "id": "arn:aws:iam::918449480661:policy/test-policy",
            "name": "test-policy",
            "name_prefix": null,
            "path": "/",
            "policy": "{\r\n    \"Version\": \"2012-10-17\",\r\n    \"Statement\": [\r\n{\r\n    \"Effect\": \"Allow\",\r\n    \"Action\":  \"s3:PutObject\",\r\n    \"Resource\": [\"arn:aws:s3:::test-bucket/*\"]\r\n  }\r\n\r\n]\r\n}\r\n",
            "policy_id": "ANPA5LV624PKY6I3Z2Y7H",
            "tags": null
          }
        }
      ]
    },
    {
      "module": "module.Role-policy",
      "mode": "managed",
      "type": "aws_iam_role",
      "name": "test_role",
      "provider": "provider.aws",
      "instances": [
        {
          "schema_version": 0,
          "attributes": {
            "arn": "arn:aws:iam::918449480661:role/test-role",
            "assume_role_policy": "{\"Version\":\"2012-10-17\",\"Statement\":[{\"Sid\":\"\",\"Effect\":\"Allow\",\"Principal\":{\"Service\":\"ec2.amazonaws.com\"},\"Action\":\"sts:AssumeRole\"}]}",
            "create_date": "2021-09-15T13:59:47Z",
            "description": "",
            "force_detach_policies": false,
            "id": "test-role",
            "inline_policy": [
              {
                "name": "",
                "policy": ""
              }
            ],
            "managed_policy_arns": [],
            "max_session_duration": 3600,
            "name": "test-role",
            "name_prefix": null,
            "path": "/",
            "permissions_boundary": null,
            "tags": null,
            "unique_id": "AROA5LV624PKZOIEFNUI7"
          }
        }
      ]
    },
    {
      "module": "module.Role-policy",
      "mode": "managed",
      "type": "aws_iam_role_policy_attachment",
      "name": "test-attach",
      "provider": "provider.aws",
      "instances": [
        {
          "schema_version": 0,
          "attributes": {
            "id": "test-role-20210915135952010300000001",
            "policy_arn": "arn:aws:iam::918449480661:policy/test-policy",
            "role": "test-role"
          },
          "depends_on": [
            "aws_iam_policy.test_policy",
            "aws_iam_role.test_role"
          ]
        }
      ]
    },
    {
      "module": "module.Bucket",
      "mode": "managed",
      "type": "aws_s3_bucket",
      "name": "surajgaikwad00011",
      "provider": "provider.aws",
      "instances": [
        {
          "schema_version": 0,
          "attributes": {
            "acceleration_status": "",
            "acl": "private",
            "arn": "arn:aws:s3:::surajgaikwad00011",
            "bucket": "surajgaikwad00011",
            "bucket_domain_name": "surajgaikwad00011.s3.amazonaws.com",
            "bucket_prefix": null,
            "bucket_regional_domain_name": "surajgaikwad00011.s3.ap-south-1.amazonaws.com",
            "cors_rule": [],
            "force_destroy": false,
            "grant": [],
            "hosted_zone_id": "Z11RGJOFQNVJUP",
            "id": "surajgaikwad00011",
            "lifecycle_rule": [],
            "logging": [],
            "object_lock_configuration": [],
            "policy": null,
            "region": "ap-south-1",
            "replication_configuration": [],
            "request_payer": "BucketOwner",
            "server_side_encryption_configuration": [],
            "tags": {
              "Name": "Testbucket"
            },
            "versioning": [
              {
                "enabled": true,
                "mfa_delete": false
              }
            ],
            "website": [],
            "website_domain": null,
            "website_endpoint": null
          }
        }
      ]
    },
    {
      "module": "module.VPC",
      "mode": "managed",
      "type": "aws_subnet",
      "name": "first",
      "provider": "provider.aws",
      "instances": [
        {
          "schema_version": 1,
          "attributes": {
            "arn": "arn:aws:ec2:ap-south-1:918449480661:subnet/subnet-0b096fc62759cbbb3",
            "assign_ipv6_address_on_creation": false,
            "availability_zone": "ap-south-1a",
            "availability_zone_id": "aps1-az1",
            "cidr_block": "10.0.1.0/24",
            "customer_owned_ipv4_pool": "",
            "id": "subnet-0b096fc62759cbbb3",
            "ipv6_cidr_block": "",
            "ipv6_cidr_block_association_id": "",
            "map_customer_owned_ip_on_launch": false,
            "map_public_ip_on_launch": false,
            "outpost_arn": "",
            "owner_id": "918449480661",
            "tags": {
              "Name": "First_subnet"
            },
            "tags_all": {
              "Name": "First_subnet"
            },
            "timeouts": null,
            "vpc_id": "vpc-03cda0f725777b47c"
          },
          "depends_on": [
            "aws_vpc.surajvpc"
          ]
        }
      ]
    },
    {
      "module": "module.VPC",
      "mode": "managed",
      "type": "aws_subnet",
      "name": "second",
      "provider": "provider.aws",
      "instances": [
        {
          "schema_version": 1,
          "attributes": {
            "arn": "arn:aws:ec2:ap-south-1:918449480661:subnet/subnet-0d68c23c84406e570",
            "assign_ipv6_address_on_creation": false,
            "availability_zone": "ap-south-1a",
            "availability_zone_id": "aps1-az1",
            "cidr_block": "10.0.2.0/24",
            "customer_owned_ipv4_pool": "",
            "id": "subnet-0d68c23c84406e570",
            "ipv6_cidr_block": "",
            "ipv6_cidr_block_association_id": "",
            "map_customer_owned_ip_on_launch": false,
            "map_public_ip_on_launch": false,
            "outpost_arn": "",
            "owner_id": "918449480661",
            "tags": {
              "Name": "second_subnet"
            },
            "tags_all": {
              "Name": "second_subnet"
            },
            "timeouts": null,
            "vpc_id": "vpc-03cda0f725777b47c"
          },
          "depends_on": [
            "aws_vpc.surajvpc"
          ]
        }
      ]
    },
    {
      "module": "module.VPC",
      "mode": "managed",
      "type": "aws_vpc",
      "name": "surajvpc",
      "provider": "provider.aws",
      "instances": [
        {
          "schema_version": 1,
          "attributes": {
            "arn": "arn:aws:ec2:ap-south-1:918449480661:vpc/vpc-03cda0f725777b47c",
            "assign_generated_ipv6_cidr_block": false,
            "cidr_block": "10.0.0.0/16",
            "default_network_acl_id": "acl-0093f53e4aa64c393",
            "default_route_table_id": "rtb-0696da080f41d1eda",
            "default_security_group_id": "sg-0403839e470e7260b",
            "dhcp_options_id": "dopt-999b2ef2",
            "enable_classiclink": null,
            "enable_classiclink_dns_support": null,
            "enable_dns_hostnames": false,
            "enable_dns_support": true,
            "id": "vpc-03cda0f725777b47c",
            "instance_tenancy": "default",
            "ipv6_association_id": "",
            "ipv6_cidr_block": "",
            "main_route_table_id": "rtb-0696da080f41d1eda",
            "owner_id": "918449480661",
            "tags": {
              "Name": "surajvpc"
            },
            "tags_all": {
              "Name": "surajvpc"
            }
          }
        }
      ]
    }
  ]
}
